
Microsoft Visual Studio Solution File, Format Version 12.00
# Visual Studio Version 16
VisualStudioVersion = 16.0.28803.202
MinimumVisualStudioVersion = 10.0.40219.1
Project("{FAE04EC0-301F-11D3-BF4B-00C04F79EFBC}") = "testNH1", "testNH1\testNH1.csproj", "{68D1E7CF-0E6F-40C9-9091-4E17DDDA369C}"
EndProject
Global
	GlobalSection(SolutionConfigurationPlatforms) = preSolution
		Debug|Any CPU = Debug|Any CPU
		Release|Any CPU = Release|Any CPU
	EndGlobalSection
	GlobalSection(ProjectConfigurationPlatforms) = postSolution
		{68D1E7CF-0E6F-40C9-9091-4E17DDDA369C}.Debug|Any CPU.ActiveCfg = Debug|Any CPU
		{68D1E7CF-0E6F-40C9-9091-4E17DDDA369C}.Debug|Any CPU.Build.0 = Debug|Any CPU
		{68D1E7CF-0E6F-40C9-9091-4E17DDDA369C}.Release|Any CPU.ActiveCfg = Release|Any CPU
		{68D1E7CF-0E6F-40C9-9091-4E17DDDA369C}.Release|Any CPU.Build.0 = Release|Any CPU
	EndGlobalSection
	GlobalSection(SolutionProperties) = preSolution
		HideSolutionNode = FALSE
	EndGlobalSection
	GlobalSection(ExtensibilityGlobals) = postSolution
		SolutionGuid = {094D497F-000A-455A-831A-654AEC8B4271}
	EndGlobalSection
EndGlobal
